// !$*UTF8*$!
{
	archiveVersion = 1;
	classes = {
	};
	objectVersion = 46;
	objects = {

/* Begin PBXBuildFile section */
		3D32BD661DB0146900AADE46 /* AppDelegate.swift in Sources */ = {isa = PBXBuildFile; fileRef = 3D32BD651DB0146900AADE46 /* AppDelegate.swift */; };
		3D32BD681DB0146900AADE46 /* ViewController.swift in Sources */ = {isa = PBXBuildFile; fileRef = 3D32BD671DB0146900AADE46 /* ViewController.swift */; };
		3D32BD6B1DB0146900AADE46 /* Main.storyboard in Resources */ = {isa = PBXBuildFile; fileRef = 3D32BD691DB0146900AADE46 /* Main.storyboard */; };
		3D32BD6D1DB0146900AADE46 /* Assets.xcassets in Resources */ = {isa = PBXBuildFile; fileRef = 3D32BD6C1DB0146900AADE46 /* Assets.xcassets */; };
		3D32BD701DB0146900AADE46 /* LaunchScreen.storyboard in Resources */ = {isa = PBXBuildFile; fileRef = 3D32BD6E1DB0146900AADE46 /* LaunchScreen.storyboard */; };
		3D32BD781DB014FB00AADE46 /* GoogleService-Info.plist in Resources */ = {isa = PBXBuildFile; fileRef = 3D32BD771DB014FB00AADE46 /* GoogleService-Info.plist */; };
		5DA593CA4A95BD194538F339 /* Pods_FirebaseTest.framework in Frameworks */ = {isa = PBXBuildFile; fileRef = 1E778A6ABD6A59C4C134322E /* Pods_FirebaseTest.framework */; };
/* End PBXBuildFile section */

/* Begin PBXFileReference section */
		0A75F2CA003BBAE8A1E4180A /* Pods-FirebaseTest.debug.xcconfig */ = {isa = PBXFileReference; includeInIndex = 1; lastKnownFileType = text.xcconfig; name = "Pods-FirebaseTest.debug.xcconfig"; path = "Pods/Target Support Files/Pods-FirebaseTest/Pods-FirebaseTest.debug.xcconfig"; sourceTree = "<group>"; };
		1E778A6ABD6A59C4C134322E /* Pods_FirebaseTest.framework */ = {isa = PBXFileReference; explicitFileType = wrapper.framework; includeInIndex = 0; path = Pods_FirebaseTest.framework; sourceTree = BUILT_PRODUCTS_DIR; };
		3D32BD621DB0146900AADE46 /* FirebaseTest.app */ = {isa = PBXFileReference; explicitFileType = wrapper.application; includeInIndex = 0; path = FirebaseTest.app; sourceTree = BUILT_PRODUCTS_DIR; };
		3D32BD651DB0146900AADE46 /* AppDelegate.swift */ = {isa = PBXFileReference; lastKnownFileType = sourcecode.swift; path = AppDelegate.swift; sourceTree = "<group>"; };
		3D32BD671DB0146900AADE46 /* ViewController.swift */ = {isa = PBXFileReference; lastKnownFileType = sourcecode.swift; path = ViewController.swift; sourceTree = "<group>"; };
		3D32BD6A1DB0146900AADE46 /* Base */ = {isa = PBXFileReference; lastKnownFileType = file.storyboard; name = Base; path = Base.lproj/Main.storyboard; sourceTree = "<group>"; };
		3D32BD6C1DB0146900AADE46 /* Assets.xcassets */ = {isa = PBXFileReference; lastKnownFileType = folder.assetcatalog; path = Assets.xcassets; sourceTree = "<group>"; };
		3D32BD6F1DB0146900AADE46 /* Base */ = {isa = PBXFileReference; lastKnownFileType = file.storyboard; name = Base; path = Base.lproj/LaunchScreen.storyboard; sourceTree = "<group>"; };
		3D32BD711DB0146900AADE46 /* Info.plist */ = {isa = PBXFileReference; lastKnownFileType = text.plist.xml; path = Info.plist; sourceTree = "<group>"; };
		3D32BD771DB014FB00AADE46 /* GoogleService-Info.plist */ = {isa = PBXFileReference; fileEncoding = 4; lastKnownFileType = text.plist.xml; path = "GoogleService-Info.plist"; sourceTree = "<group>"; };
		8D28626ABC65580C2199CC23 /* Pods-FirebaseTest.release.xcconfig */ = {isa = PBXFileReference; includeInIndex = 1; lastKnownFileType = text.xcconfig; name = "Pods-FirebaseTest.release.xcconfig"; path = "Pods/Target Support Files/Pods-FirebaseTest/Pods-FirebaseTest.release.xcconfig"; sourceTree = "<group>"; };
/* End PBXFileReference section */

/* Begin PBXFrameworksBuildPhase section */
		3D32BD5F1DB0146900AADE46 /* Frameworks */ = {
			isa = PBXFrameworksBuildPhase;
			buildActionMask = 2147483647;
			files = (
				5DA593CA4A95BD194538F339 /* Pods_FirebaseTest.framework in Frameworks */,
			);
			runOnlyForDeploymentPostprocessing = 0;
		};
/* End PBXFrameworksBuildPhase section */

/* Begin PBXGroup section */
		3D32BD591DB0146900AADE46 = {
			isa = PBXGroup;
			children = (
				3D32BD641DB0146900AADE46 /* FirebaseTest */,
				3D32BD631DB0146900AADE46 /* Products */,
				A3C4134588AD1D30F2874B61 /* Pods */,
				BAC72605F4CAE1EECA7F68B5 /* Frameworks */,
			);
			sourceTree = "<group>";
		};
		3D32BD631DB0146900AADE46 /* Products */ = {
			isa = PBXGroup;
			children = (
				3D32BD621DB0146900AADE46 /* FirebaseTest.app */,
			);
			name = Products;
			sourceTree = "<group>";
		};
		3D32BD641DB0146900AADE46 /* FirebaseTest */ = {
			isa = PBXGroup;
			children = (
				3D32BD651DB0146900AADE46 /* AppDelegate.swift */,
				3D32BD671DB0146900AADE46 /* ViewController.swift */,
				3D32BD691DB0146900AADE46 /* Main.storyboard */,
				3D32BD6C1DB0146900AADE46 /* Assets.xcassets */,
				3D32BD6E1DB0146900AADE46 /* LaunchScreen.storyboard */,
				3D32BD711DB0146900AADE46 /* Info.plist */,
				3D32BD771DB014FB00AADE46 /* GoogleService-Info.plist */,
			);
			path = FirebaseTest;
			sourceTree = "<group>";
		};
		A3C4134588AD1D30F2874B61 /* Pods */ = {
			isa = PBXGroup;
			children = (
				0A75F2CA003BBAE8A1E4180A /* Pods-FirebaseTest.debug.xcconfig */,
				8D28626ABC65580C2199CC23 /* Pods-FirebaseTest.release.xcconfig */,
			);
			name = Pods;
			sourceTree = "<group>";
		};
		BAC72605F4CAE1EECA7F68B5 /* Frameworks */ = {
			isa = PBXGroup;
			children = (
				1E778A6ABD6A59C4C134322E /* Pods_FirebaseTest.framework */,
			);
			name = Frameworks;
			sourceTree = "<group>";
		};
/* End PBXGroup section */

/* Begin PBXNativeTarget section */
		3D32BD611DB0146900AADE46 /* FirebaseTest */ = {
			isa = PBXNativeTarget;
			buildConfigurationList = 3D32BD741DB0146900AADE46 /* Build configuration list for PBXNativeTarget "FirebaseTest" */;
			buildPhases = (
				AA79C9E3585BDE7740CAD8FA /* [CP] Check Pods Manifest.lock */,
				3D32BD5E1DB0146900AADE46 /* Sources */,
				3D32BD5F1DB0146900AADE46 /* Frameworks */,
				3D32BD601DB0146900AADE46 /* Resources */,
				B35C960E13985C93BF7369A4 /* [CP] Embed Pods Frameworks */,
				8833DC3440DF000D80EE035F /* [CP] Copy Pods Resources */,
			);
			buildRules = (
			);
			dependencies = (
			);
			name = FirebaseTest;
			productName = FirebaseTest;
			productReference = 3D32BD621DB0146900AADE46 /* FirebaseTest.app */;
			productType = "com.apple.product-type.application";
		};
/* End PBXNativeTarget section */

/* Begin PBXProject section */
		3D32BD5A1DB0146900AADE46 /* Project object */ = {
			isa = PBXProject;
			attributes = {
				LastSwiftUpdateCheck = 0800;
				LastUpgradeCheck = 0800;
				ORGANIZATIONNAME = studio;
				TargetAttributes = {
					3D32BD611DB0146900AADE46 = {
						CreatedOnToolsVersion = 8.0;
						ProvisioningStyle = Automatic;
					};
				};
			};
			buildConfigurationList = 3D32BD5D1DB0146900AADE46 /* Build configuration list for PBXProject "FirebaseTest" */;
			compatibilityVersion = "Xcode 3.2";
			developmentRegion = English;
			hasScannedForEncodings = 0;
			knownRegions = (
				en,
				Base,
			);
			mainGroup = 3D32BD591DB0146900AADE46;
			productRefGroup = 3D32BD631DB0146900AADE46 /* Products */;
			projectDirPath = "";
			projectRoot = "";
			targets = (
				3D32BD611DB0146900AADE46 /* FirebaseTest */,
			);
		};
/* End PBXProject section */

/* Begin PBXResourcesBuildPhase section */
		3D32BD601DB0146900AADE46 /* Resources */ = {
			isa = PBXResourcesBuildPhase;
			buildActionMask = 2147483647;
			files = (
				3D32BD701DB0146900AADE46 /* LaunchScreen.storyboard in Resources */,
				3D32BD781DB014FB00AADE46 /* GoogleService-Info.plist in Resources */,
				3D32BD6D1DB0146900AADE46 /* Assets.xcassets in Resources */,
				3D32BD6B1DB0146900AADE46 /* Main.storyboard in Resources */,
			);
			runOnlyForDeploymentPostprocessing = 0;
		};
/* End PBXResourcesBuildPhase section */

/* Begin PBXShellScriptBuildPhase section */
		8833DC3440DF000D80EE035F /* [CP] Copy Pods Resources */ = {
			isa = PBXShellScriptBuildPhase;
			buildActionMask = 2147483647;
			files = (
			);
			inputPaths = (
			);
			name = "[CP] Copy Pods Resources";
			outputPaths = (
			);
			runOnlyForDeploymentPostprocessing = 0;
			shellPath = /bin/sh;
			shellScript = "\"${SRCROOT}/Pods/Target Support Files/Pods-FirebaseTest/Pods-FirebaseTest-resources.sh\"\n";
			showEnvVarsInLog = 0;
		};
		AA79C9E3585BDE7740CAD8FA /* [CP] Check Pods Manifest.lock */ = {
			isa = PBXShellScriptBuildPhase;
			buildActionMask = 2147483647;
			files = (
			);
			inputPaths = (
			);
			name = "[CP] Check Pods Manifest.lock";
			outputPaths = (
			);
			runOnlyForDeploymentPostprocessing = 0;
			shellPath = /bin/sh;
			shellScript = "diff \"${PODS_ROOT}/../Podfile.lock\" \"${PODS_ROOT}/Manifest.lock\" > /dev/null\nif [[ $? != 0 ]] ; then\n    cat << EOM\nerror: The sandbox is not in sync with the Podfile.lock. Run 'pod install' or update your CocoaPods installation.\nEOM\n    exit 1\nfi\n";
			showEnvVarsInLog = 0;
		};
		B35C960E13985C93BF7369A4 /* [CP] Embed Pods Frameworks */ = {
			isa = PBXShellScriptBuildPhase;
			buildActionMask = 2147483647;
			files = (
			);
			inputPaths = (
			);
			name = "[CP] Embed Pods Frameworks";
			outputPaths = (
			);
			runOnlyForDeploymentPostprocessing = 0;
			shellPath = /bin/sh;
			shellScript = "\"${SRCROOT}/Pods/Target Support Files/Pods-FirebaseTest/Pods-FirebaseTest-frameworks.sh\"\n";
			showEnvVarsInLog = 0;
		};
/* End PBXShellScriptBuildPhase section */

/* Begin PBXSourcesBuildPhase section */
		3D32BD5E1DB0146900AADE46 /* Sources */ = {
			isa = PBXSourcesBuildPhase;
			buildActionMask = 2147483647;
			files = (
				3D32BD681DB0146900AADE46 /* ViewController.swift in Sources */,
				3D32BD661DB0146900AADE46 /* AppDelegate.swift in Sources */,
			);
			runOnlyForDeploymentPostprocessing = 0;
		};
/* End PBXSourcesBuildPhase section */

/* Begin PBXVariantGroup section */
		3D32BD691DB0146900AADE46 /* Main.storyboard */ = {
			isa = PBXVariantGroup;
			children = (
				3D32BD6A1DB0146900AADE46 /* Base */,
			);
			name = Main.storyboard;
			sourceTree = "<group>";
		};
		3D32BD6E1DB0146900AADE46 /* LaunchScreen.storyboard */ = {
			isa = PBXVariantGroup;
			children = (
				3D32BD6F1DB0146900AADE46 /* Base */,
			);
			name = LaunchScreen.storyboard;
			sourceTree = "<group>";
		};
/* End PBXVariantGroup section */

/* Begin XCBuildConfiguration section */
		3D32BD721DB0146900AADE46 /* Debug */ = {
			isa = XCBuildConfiguration;
			buildSettings = {
				ALWAYS_SEARCH_USER_PATHS = NO;
				CLANG_ANALYZER_NONNULL = YES;
				CLANG_CXX_LANGUAGE_STANDARD = "gnu++0x";
				CLANG_CXX_LIBRARY = "libc++";
				CLANG_ENABLE_MODULES = YES;
				CLANG_ENABLE_OBJC_ARC = YES;
				CLANG_WARN_BOOL_CONVERSION = YES;
				CLANG_WARN_CONSTANT_CONVERSION = YES;
				CLANG_WARN_DIRECT_OBJC_ISA_USAGE = YES_ERROR;
				CLANG_WARN_DOCUMENTATION_COMMENTS = YES;
				CLANG_WARN_EMPTY_BODY = YES;
				CLANG_WARN_ENUM_CONVERSION = YES;
				CLANG_WARN_INFINITE_RECURSION = YES;
				CLANG_WARN_INT_CONVERSION = YES;
				CLANG_WARN_OBJC_ROOT_CLASS = YES_ERROR;
				CLANG_WARN_SUSPICIOUS_MOVES = YES;
				CLANG_WARN_UNREACHABLE_CODE = YES;
				CLANG_WARN__DUPLICATE_METHOD_MATCH = YES;
				"CODE_SIGN_IDENTITY[sdk=iphoneos*]" = "iPhone Developer";
				COPY_PHASE_STRIP = NO;
				DEBUG_INFORMATION_FORMAT = dwarf;
				ENABLE_STRICT_OBJC_MSGSEND = YES;
				ENABLE_TESTABILITY = YES;
				GCC_C_LANGUAGE_STANDARD = gnu99;
				GCC_DYNAMIC_NO_PIC = NO;
				GCC_NO_COMMON_BLOCKS = YES;
				GCC_OPTIMIZATION_LEVEL = 0;
				GCC_PREPROCESSOR_DEFINITIONS = (
					"DEBUG=1",
					"$(inherited)",
				);
				GCC_WARN_64_TO_32_BIT_CONVERSION = YES;
				GCC_WARN_ABOUT_RETURN_TYPE = YES_ERROR;
				GCC_WARN_UNDECLARED_SELECTOR = YES;
				GCC_WARN_UNINITIALIZED_AUTOS = YES_AGGRESSIVE;
				GCC_WARN_UNUSED_FUNCTION = YES;
				GCC_WARN_UNUSED_VARIABLE = YES;
				IPHONEOS_DEPLOYMENT_TARGET = 10.0;
				MTL_ENABLE_DEBUG_INFO = YES;
				ONLY_ACTIVE_ARCH = YES;
				SDKROOT = iphoneos;
				SWIFT_ACTIVE_COMPILATION_CONDITIONS = DEBUG;
				SWIFT_OPTIMIZATION_LEVEL = "-Onone";
			};
			name = Debug;
		};
		3D32BD731DB0146900AADE46 /* Release */ = {
			isa = XCBuildConfiguration;
			buildSettings = {
				ALWAYS_SEARCH_USER_PATHS = NO;
				CLANG_ANALYZER_NONNULL = YES;
				CLANG_CXX_LANGUAGE_STANDARD = "gnu++0x";
				CLANG_CXX_LIBRARY = "libc++";
				CLANG_ENABLE_MODULES = YES;
				CLANG_ENABLE_OBJC_ARC = YES;
				CLANG_WARN_BOOL_CONVERSION = YES;
				CLANG_WARN_CONSTANT_CONVERSION = YES;
				CLANG_WARN_DIRECT_OBJC_ISA_USAGE = YES_ERROR;
				CLANG_WARN_DOCUMENTATION_COMMENTS = YES;
				CLANG_WARN_EMPTY_BODY = YES;
				CLANG_WARN_ENUM_CONVERSION = YES;
				CLANG_WARN_INFINITE_RECURSION = YES;
				CLANG_WARN_INT_CONVERSION = YES;
				CLANG_WARN_OBJC_ROOT_CLASS = YES_ERROR;
				CLANG_WARN_SUSPICIOUS_MOVES = YES;
				CLANG_WARN_UNREACHABLE_CODE = YES;
				CLANG_WARN__DUPLICATE_METHOD_MATCH = YES;
				"CODE_SIGN_IDENTITY[sdk=iphoneos*]" = "iPhone Developer";
				COPY_PHASE_STRIP = NO;
				DEBUG_INFORMATION_FORMAT = "dwarf-with-dsym";
				ENABLE_NS_ASSERTIONS = NO;
				ENABLE_STRICT_OBJC_MSGSEND = YES;
				GCC_C_LANGUAGE_STANDARD = gnu99;
				GCC_NO_COMMON_BLOCKS = YES;
				GCC_WARN_64_TO_32_BIT_CONVERSION = YES;
				GCC_WARN_ABOUT_RETURN_TYPE = YES_ERROR;
				GCC_WARN_UNDECLARED_SELECTOR = YES;
				GCC_WARN_UNINITIALIZED_AUTOS = YES_AGGRESSIVE;
				GCC_WARN_UNUSED_FUNCTION = YES;
				GCC_WARN_UNUSED_VARIABLE = YES;
				IPHONEOS_DEPLOYMENT_TARGET = 10.0;
				MTL_ENABLE_DEBUG_INFO = NO;
				SDKROOT = iphoneos;
				SWIFT_OPTIMIZATION_LEVEL = "-Owholemodule";
				VALIDATE_PRODUCT = YES;
			};
			name = Release;
		};
		3D32BD751DB0146900AADE46 /* Debug */ = {
			isa = XCBuildConfiguration;
			baseConfigurationReference = 0A75F2CA003BBAE8A1E4180A /* Pods-FirebaseTest.debug.xcconfig */;
			buildSettings = {
				ASSETCATALOG_COMPILER_APPICON_NAME = AppIcon;
				INFOPLIST_FILE = FirebaseTest/Info.plist;
				LD_RUNPATH_SEARCH_PATHS = "$(inherited) @executable_path/Frameworks";
				PRODUCT_BUNDLE_IDENTIFIER = com.igneus.FirebaseTest;
				PRODUCT_NAME = "$(TARGET_NAME)";
				SWIFT_VERSION = 3.0;
			};
			name = Debug;
		};
		3D32BD761DB0146900AADE46 /* Release */ = {
			isa = XCBuildConfiguration;
			baseConfigurationReference = 8D28626ABC65580C2199CC23 /* Pods-FirebaseTest.release.xcconfig */;
			buildSettings = {
				ASSETCATALOG_COMPILER_APPICON_NAME = AppIcon;
				INFOPLIST_FILE = FirebaseTest/Info.plist;
				LD_RUNPATH_SEARCH_PATHS = "$(inherited) @executable_path/Frameworks";
				PRODUCT_BUNDLE_IDENTIFIER = com.igneus.FirebaseTest;
				PRODUCT_NAME = "$(TARGET_NAME)";
				SWIFT_VERSION = 3.0;
			};
			name = Release;
		};
/* End XCBuildConfiguration section */

/* Begin XCConfigurationList section */
		3D32BD5D1DB0146900AADE46 /* Build configuration list for PBXProject "FirebaseTest" */ = {
			isa = XCConfigurationList;
			buildConfigurations = (
				3D32BD721DB0146900AADE46 /* Debug */,
				3D32BD731DB0146900AADE46 /* Release */,
			);
			defaultConfigurationIsVisible = 0;
			defaultConfigurationName = Release;
		};
		3D32BD741DB0146900AADE46 /* Build configuration list for PBXNativeTarget "FirebaseTest" */ = {
			isa = XCConfigurationList;
			buildConfigurations = (
				3D32BD751DB0146900AADE46 /* Debug */,
				3D32BD761DB0146900AADE46 /* Release */,
			);
			defaultConfigurationIsVisible = 0;
			defaultConfigurationName = Release;
		};
/* End XCConfigurationList section */
	};
	rootObject = 3D32BD5A1DB0146900AADE46 /* Project object */;
}
