// !$*UTF8*$!
{
	archiveVersion = 1;
	classes = {
	};
	objectVersion = 46;
	objects = {

/* Begin PBXBuildFile section */
		3D786ECD1DA42B3300B6770B /* AppDelegate.swift in Sources */ = {isa = PBXBuildFile; fileRef = 3D786ECC1DA42B3300B6770B /* AppDelegate.swift */; };
		3D786ECF1DA42B3300B6770B /* ViewController.swift in Sources */ = {isa = PBXBuildFile; fileRef = 3D786ECE1DA42B3300B6770B /* ViewController.swift */; };
		3D786ED21DA42B3300B6770B /* Main.storyboard in Resources */ = {isa = PBXBuildFile; fileRef = 3D786ED01DA42B3300B6770B /* Main.storyboard */; };
		3D786ED41DA42B3300B6770B /* Assets.xcassets in Resources */ = {isa = PBXBuildFile; fileRef = 3D786ED31DA42B3300B6770B /* Assets.xcassets */; };
		3D786ED71DA42B3300B6770B /* LaunchScreen.storyboard in Resources */ = {isa = PBXBuildFile; fileRef = 3D786ED51DA42B3300B6770B /* LaunchScreen.storyboard */; };
/* End PBXBuildFile section */

/* Begin PBXFileReference section */
		3D786EC91DA42B3300B6770B /* SliderNBtn.app */ = {isa = PBXFileReference; explicitFileType = wrapper.application; includeInIndex = 0; path = SliderNBtn.app; sourceTree = BUILT_PRODUCTS_DIR; };
		3D786ECC1DA42B3300B6770B /* AppDelegate.swift */ = {isa = PBXFileReference; lastKnownFileType = sourcecode.swift; path = AppDelegate.swift; sourceTree = "<group>"; };
		3D786ECE1DA42B3300B6770B /* ViewController.swift */ = {isa = PBXFileReference; lastKnownFileType = sourcecode.swift; path = ViewController.swift; sourceTree = "<group>"; };
		3D786ED11DA42B3300B6770B /* Base */ = {isa = PBXFileReference; lastKnownFileType = file.storyboard; name = Base; path = Base.lproj/Main.storyboard; sourceTree = "<group>"; };
		3D786ED31DA42B3300B6770B /* Assets.xcassets */ = {isa = PBXFileReference; lastKnownFileType = folder.assetcatalog; path = Assets.xcassets; sourceTree = "<group>"; };
		3D786ED61DA42B3300B6770B /* Base */ = {isa = PBXFileReference; lastKnownFileType = file.storyboard; name = Base; path = Base.lproj/LaunchScreen.storyboard; sourceTree = "<group>"; };
		3D786ED81DA42B3300B6770B /* Info.plist */ = {isa = PBXFileReference; lastKnownFileType = text.plist.xml; path = Info.plist; sourceTree = "<group>"; };
/* End PBXFileReference section */

/* Begin PBXFrameworksBuildPhase section */
		3D786EC61DA42B3300B6770B /* Frameworks */ = {
			isa = PBXFrameworksBuildPhase;
			buildActionMask = 2147483647;
			files = (
			);
			runOnlyForDeploymentPostprocessing = 0;
		};
/* End PBXFrameworksBuildPhase section */

/* Begin PBXGroup section */
		3D786EC01DA42B3300B6770B = {
			isa = PBXGroup;
			children = (
				3D786ECB1DA42B3300B6770B /* SliderNBtn */,
				3D786ECA1DA42B3300B6770B /* Products */,
			);
			sourceTree = "<group>";
		};
		3D786ECA1DA42B3300B6770B /* Products */ = {
			isa = PBXGroup;
			children = (
				3D786EC91DA42B3300B6770B /* SliderNBtn.app */,
			);
			name = Products;
			sourceTree = "<group>";
		};
		3D786ECB1DA42B3300B6770B /* SliderNBtn */ = {
			isa = PBXGroup;
			children = (
				3D786ECC1DA42B3300B6770B /* AppDelegate.swift */,
				3D786ECE1DA42B3300B6770B /* ViewController.swift */,
				3D786ED01DA42B3300B6770B /* Main.storyboard */,
				3D786ED31DA42B3300B6770B /* Assets.xcassets */,
				3D786ED51DA42B3300B6770B /* LaunchScreen.storyboard */,
				3D786ED81DA42B3300B6770B /* Info.plist */,
			);
			path = SliderNBtn;
			sourceTree = "<group>";
		};
/* End PBXGroup section */

/* Begin PBXNativeTarget section */
		3D786EC81DA42B3300B6770B /* SliderNBtn */ = {
			isa = PBXNativeTarget;
			buildConfigurationList = 3D786EDB1DA42B3300B6770B /* Build configuration list for PBXNativeTarget "SliderNBtn" */;
			buildPhases = (
				3D786EC51DA42B3300B6770B /* Sources */,
				3D786EC61DA42B3300B6770B /* Frameworks */,
				3D786EC71DA42B3300B6770B /* Resources */,
			);
			buildRules = (
			);
			dependencies = (
			);
			name = SliderNBtn;
			productName = SliderNBtn;
			productReference = 3D786EC91DA42B3300B6770B /* SliderNBtn.app */;
			productType = "com.apple.product-type.application";
		};
/* End PBXNativeTarget section */

/* Begin PBXProject section */
		3D786EC11DA42B3300B6770B /* Project object */ = {
			isa = PBXProject;
			attributes = {
				LastSwiftUpdateCheck = 0800;
				LastUpgradeCheck = 0800;
				ORGANIZATIONNAME = studio;
				TargetAttributes = {
					3D786EC81DA42B3300B6770B = {
						CreatedOnToolsVersion = 8.0;
						DevelopmentTeam = 2R9ME98ZZ3;
						ProvisioningStyle = Automatic;
					};
				};
			};
			buildConfigurationList = 3D786EC41DA42B3300B6770B /* Build configuration list for PBXProject "SliderNBtn" */;
			compatibilityVersion = "Xcode 3.2";
			developmentRegion = English;
			hasScannedForEncodings = 0;
			knownRegions = (
				en,
				Base,
			);
			mainGroup = 3D786EC01DA42B3300B6770B;
			productRefGroup = 3D786ECA1DA42B3300B6770B /* Products */;
			projectDirPath = "";
			projectRoot = "";
			targets = (
				3D786EC81DA42B3300B6770B /* SliderNBtn */,
			);
		};
/* End PBXProject section */

/* Begin PBXResourcesBuildPhase section */
		3D786EC71DA42B3300B6770B /* Resources */ = {
			isa = PBXResourcesBuildPhase;
			buildActionMask = 2147483647;
			files = (
				3D786ED71DA42B3300B6770B /* LaunchScreen.storyboard in Resources */,
				3D786ED41DA42B3300B6770B /* Assets.xcassets in Resources */,
				3D786ED21DA42B3300B6770B /* Main.storyboard in Resources */,
			);
			runOnlyForDeploymentPostprocessing = 0;
		};
/* End PBXResourcesBuildPhase section */

/* Begin PBXSourcesBuildPhase section */
		3D786EC51DA42B3300B6770B /* Sources */ = {
			isa = PBXSourcesBuildPhase;
			buildActionMask = 2147483647;
			files = (
				3D786ECF1DA42B3300B6770B /* ViewController.swift in Sources */,
				3D786ECD1DA42B3300B6770B /* AppDelegate.swift in Sources */,
			);
			runOnlyForDeploymentPostprocessing = 0;
		};
/* End PBXSourcesBuildPhase section */

/* Begin PBXVariantGroup section */
		3D786ED01DA42B3300B6770B /* Main.storyboard */ = {
			isa = PBXVariantGroup;
			children = (
				3D786ED11DA42B3300B6770B /* Base */,
			);
			name = Main.storyboard;
			sourceTree = "<group>";
		};
		3D786ED51DA42B3300B6770B /* LaunchScreen.storyboard */ = {
			isa = PBXVariantGroup;
			children = (
				3D786ED61DA42B3300B6770B /* Base */,
			);
			name = LaunchScreen.storyboard;
			sourceTree = "<group>";
		};
/* End PBXVariantGroup section */

/* Begin XCBuildConfiguration section */
		3D786ED91DA42B3300B6770B /* Debug */ = {
			isa = XCBuildConfiguration;
			buildSettings = {
				ALWAYS_SEARCH_USER_PATHS = NO;
				CLANG_ANALYZER_NONNULL = YES;
				CLANG_CXX_LANGUAGE_STANDARD = "gnu++0x";
				CLANG_CXX_LIBRARY = "libc++";
				CLANG_ENABLE_MODULES = YES;
				CLANG_ENABLE_OBJC_ARC = YES;
				CLANG_WARN_BOOL_CONVERSION = YES;
				CLANG_WARN_CONSTANT_CONVERSION = YES;
				CLANG_WARN_DIRECT_OBJC_ISA_USAGE = YES_ERROR;
				CLANG_WARN_DOCUMENTATION_COMMENTS = YES;
				CLANG_WARN_EMPTY_BODY = YES;
				CLANG_WARN_ENUM_CONVERSION = YES;
				CLANG_WARN_INFINITE_RECURSION = YES;
				CLANG_WARN_INT_CONVERSION = YES;
				CLANG_WARN_OBJC_ROOT_CLASS = YES_ERROR;
				CLANG_WARN_SUSPICIOUS_MOVES = YES;
				CLANG_WARN_UNREACHABLE_CODE = YES;
				CLANG_WARN__DUPLICATE_METHOD_MATCH = YES;
				"CODE_SIGN_IDENTITY[sdk=iphoneos*]" = "iPhone Developer";
				COPY_PHASE_STRIP = NO;
				DEBUG_INFORMATION_FORMAT = dwarf;
				ENABLE_STRICT_OBJC_MSGSEND = YES;
				ENABLE_TESTABILITY = YES;
				GCC_C_LANGUAGE_STANDARD = gnu99;
				GCC_DYNAMIC_NO_PIC = NO;
				GCC_NO_COMMON_BLOCKS = YES;
				GCC_OPTIMIZATION_LEVEL = 0;
				GCC_PREPROCESSOR_DEFINITIONS = (
					"DEBUG=1",
					"$(inherited)",
				);
				GCC_WARN_64_TO_32_BIT_CONVERSION = YES;
				GCC_WARN_ABOUT_RETURN_TYPE = YES_ERROR;
				GCC_WARN_UNDECLARED_SELECTOR = YES;
				GCC_WARN_UNINITIALIZED_AUTOS = YES_AGGRESSIVE;
				GCC_WARN_UNUSED_FUNCTION = YES;
				GCC_WARN_UNUSED_VARIABLE = YES;
				IPHONEOS_DEPLOYMENT_TARGET = 10.0;
				MTL_ENABLE_DEBUG_INFO = YES;
				ONLY_ACTIVE_ARCH = YES;
				SDKROOT = iphoneos;
				SWIFT_ACTIVE_COMPILATION_CONDITIONS = DEBUG;
				SWIFT_OPTIMIZATION_LEVEL = "-Onone";
				TARGETED_DEVICE_FAMILY = "1,2";
			};
			name = Debug;
		};
		3D786EDA1DA42B3300B6770B /* Release */ = {
			isa = XCBuildConfiguration;
			buildSettings = {
				ALWAYS_SEARCH_USER_PATHS = NO;
				CLANG_ANALYZER_NONNULL = YES;
				CLANG_CXX_LANGUAGE_STANDARD = "gnu++0x";
				CLANG_CXX_LIBRARY = "libc++";
				CLANG_ENABLE_MODULES = YES;
				CLANG_ENABLE_OBJC_ARC = YES;
				CLANG_WARN_BOOL_CONVERSION = YES;
				CLANG_WARN_CONSTANT_CONVERSION = YES;
				CLANG_WARN_DIRECT_OBJC_ISA_USAGE = YES_ERROR;
				CLANG_WARN_DOCUMENTATION_COMMENTS = YES;
				CLANG_WARN_EMPTY_BODY = YES;
				CLANG_WARN_ENUM_CONVERSION = YES;
				CLANG_WARN_INFINITE_RECURSION = YES;
				CLANG_WARN_INT_CONVERSION = YES;
				CLANG_WARN_OBJC_ROOT_CLASS = YES_ERROR;
				CLANG_WARN_SUSPICIOUS_MOVES = YES;
				CLANG_WARN_UNREACHABLE_CODE = YES;
				CLANG_WARN__DUPLICATE_METHOD_MATCH = YES;
				"CODE_SIGN_IDENTITY[sdk=iphoneos*]" = "iPhone Developer";
				COPY_PHASE_STRIP = NO;
				DEBUG_INFORMATION_FORMAT = "dwarf-with-dsym";
				ENABLE_NS_ASSERTIONS = NO;
				ENABLE_STRICT_OBJC_MSGSEND = YES;
				GCC_C_LANGUAGE_STANDARD = gnu99;
				GCC_NO_COMMON_BLOCKS = YES;
				GCC_WARN_64_TO_32_BIT_CONVERSION = YES;
				GCC_WARN_ABOUT_RETURN_TYPE = YES_ERROR;
				GCC_WARN_UNDECLARED_SELECTOR = YES;
				GCC_WARN_UNINITIALIZED_AUTOS = YES_AGGRESSIVE;
				GCC_WARN_UNUSED_FUNCTION = YES;
				GCC_WARN_UNUSED_VARIABLE = YES;
				IPHONEOS_DEPLOYMENT_TARGET = 10.0;
				MTL_ENABLE_DEBUG_INFO = NO;
				SDKROOT = iphoneos;
				SWIFT_OPTIMIZATION_LEVEL = "-Owholemodule";
				TARGETED_DEVICE_FAMILY = "1,2";
				VALIDATE_PRODUCT = YES;
			};
			name = Release;
		};
		3D786EDC1DA42B3300B6770B /* Debug */ = {
			isa = XCBuildConfiguration;
			buildSettings = {
				ASSETCATALOG_COMPILER_APPICON_NAME = AppIcon;
				DEVELOPMENT_TEAM = 2R9ME98ZZ3;
				INFOPLIST_FILE = SliderNBtn/Info.plist;
				LD_RUNPATH_SEARCH_PATHS = "$(inherited) @executable_path/Frameworks";
				PRODUCT_BUNDLE_IDENTIFIER = com.igneus.SliderNBtn;
				PRODUCT_NAME = "$(TARGET_NAME)";
				SWIFT_VERSION = 3.0;
			};
			name = Debug;
		};
		3D786EDD1DA42B3300B6770B /* Release */ = {
			isa = XCBuildConfiguration;
			buildSettings = {
				ASSETCATALOG_COMPILER_APPICON_NAME = AppIcon;
				DEVELOPMENT_TEAM = 2R9ME98ZZ3;
				INFOPLIST_FILE = SliderNBtn/Info.plist;
				LD_RUNPATH_SEARCH_PATHS = "$(inherited) @executable_path/Frameworks";
				PRODUCT_BUNDLE_IDENTIFIER = com.igneus.SliderNBtn;
				PRODUCT_NAME = "$(TARGET_NAME)";
				SWIFT_VERSION = 3.0;
			};
			name = Release;
		};
/* End XCBuildConfiguration section */

/* Begin XCConfigurationList section */
		3D786EC41DA42B3300B6770B /* Build configuration list for PBXProject "SliderNBtn" */ = {
			isa = XCConfigurationList;
			buildConfigurations = (
				3D786ED91DA42B3300B6770B /* Debug */,
				3D786EDA1DA42B3300B6770B /* Release */,
			);
			defaultConfigurationIsVisible = 0;
			defaultConfigurationName = Release;
		};
		3D786EDB1DA42B3300B6770B /* Build configuration list for PBXNativeTarget "SliderNBtn" */ = {
			isa = XCConfigurationList;
			buildConfigurations = (
				3D786EDC1DA42B3300B6770B /* Debug */,
				3D786EDD1DA42B3300B6770B /* Release */,
			);
			defaultConfigurationIsVisible = 0;
		};
/* End XCConfigurationList section */
	};
	rootObject = 3D786EC11DA42B3300B6770B /* Project object */;
}
